// !$*UTF8*$!
{
	archiveVersion = 1;
	classes = {
	};
	objectVersion = 56;
	objects = {

/* Begin PBXFileReference section */
		8E3141262C5AA76C000D1FD0 /* go.mod */ = {isa = PBXFileReference; lastKnownFileType = text; path = go.mod; sourceTree = "<group>"; };
		8E3141272C5AA76C000D1FD0 /* LICENSE */ = {isa = PBXFileReference; lastKnownFileType = text; path = LICENSE; sourceTree = "<group>"; };
		8E3141282C5AA76C000D1FD0 /* bin */ = {isa = PBXFileReference; lastKnownFileType = folder; path = bin; sourceTree = "<group>"; };
		8E3141292C5AA76C000D1FD0 /* Makefile */ = {isa = PBXFileReference; lastKnownFileType = sourcecode.make; path = Makefile; sourceTree = "<group>"; };
		8E31412A2C5AA76C000D1FD0 /* go.sum */ = {isa = PBXFileReference; lastKnownFileType = text; path = go.sum; sourceTree = "<group>"; };
		8E31412B2C5AA76C000D1FD0 /* TTSActivities.go */ = {isa = PBXFileReference; lastKnownFileType = text; path = TTSActivities.go; sourceTree = "<group>"; };
		8E31412C2C5AA76C000D1FD0 /* README.md */ = {isa = PBXFileReference; lastKnownFileType = net.daringfireball.markdown; path = README.md; sourceTree = "<group>"; };
		8E31412D2C5AA76C000D1FD0 /* TTSWorkflow.go */ = {isa = PBXFileReference; lastKnownFileType = text; path = TTSWorkflow.go; sourceTree = "<group>"; };
		8E31412E2C5AA76C000D1FD0 /* .git */ = {isa = PBXFileReference; lastKnownFileType = folder; path = .git; sourceTree = "<group>"; };
		8E31412F2C5AA76C000D1FD0 /* worker */ = {isa = PBXFileReference; lastKnownFileType = folder; path = worker; sourceTree = "<group>"; };
/* End PBXFileReference section */

/* Begin PBXGroup section */
		8E3141202C5AA76C000D1FD0 = {
			isa = PBXGroup;
			children = (
				8E3141262C5AA76C000D1FD0 /* go.mod */,
				8E3141272C5AA76C000D1FD0 /* LICENSE */,
				8E3141282C5AA76C000D1FD0 /* bin */,
				8E3141292C5AA76C000D1FD0 /* Makefile */,
				8E31412A2C5AA76C000D1FD0 /* go.sum */,
				8E31412B2C5AA76C000D1FD0 /* TTSActivities.go */,
				8E31412C2C5AA76C000D1FD0 /* README.md */,
				8E31412D2C5AA76C000D1FD0 /* TTSWorkflow.go */,
				8E31412E2C5AA76C000D1FD0 /* .git */,
				8E31412F2C5AA76C000D1FD0 /* worker */,
			);
			sourceTree = "<group>";
		};
/* End PBXGroup section */

/* Begin PBXLegacyTarget section */
		8E3141252C5AA76C000D1FD0 /* ttsgo */ = {
			isa = PBXLegacyTarget;
			buildArgumentsString = "$(ACTION)";
			buildConfigurationList = 8E3141302C5AA76C000D1FD0 /* Build configuration list for PBXLegacyTarget "ttsgo" */;
			buildPhases = (
			);
			buildToolPath = /usr/bin/make;
			buildWorkingDirectory = /Users/ericasadun/Desktop/gofu/ttsgo;
			dependencies = (
			);
			name = ttsgo;
			passBuildSettingsInEnvironment = 1;
			productName = ttsgo;
		};
/* End PBXLegacyTarget section */

/* Begin PBXProject section */
		8E3141212C5AA76C000D1FD0 /* Project object */ = {
			isa = PBXProject;
			attributes = {
				BuildIndependentTargetsInParallel = 1;
			};
			buildConfigurationList = 8E3141242C5AA76C000D1FD0 /* Build configuration list for PBXProject "ttsgo" */;
			compatibilityVersion = "Xcode 14.0";
			developmentRegion = en;
			hasScannedForEncodings = 0;
			knownRegions = (
				en,
				Base,
			);
			mainGroup = 8E3141202C5AA76C000D1FD0;
			projectDirPath = "";
			projectRoot = "";
			targets = (
				8E3141252C5AA76C000D1FD0 /* ttsgo */,
			);
		};
/* End PBXProject section */

/* Begin XCBuildConfiguration section */
		8E3141222C5AA76C000D1FD0 /* Debug */ = {
			isa = XCBuildConfiguration;
			buildSettings = {
				ARCHS = "$(ARCHS_STANDARD_32_BIT)";
				COPY_PHASE_STRIP = NO;
				GCC_WARN_ABOUT_RETURN_TYPE = YES;
				GCC_WARN_UNUSED_VARIABLE = YES;
				ONLY_ACTIVE_ARCH = YES;
				SDKROOT = macosx10.6;
			};
			name = Debug;
		};
		8E3141232C5AA76C000D1FD0 /* Release */ = {
			isa = XCBuildConfiguration;
			buildSettings = {
				ARCHS = "$(ARCHS_STANDARD_32_BIT)";
				COPY_PHASE_STRIP = YES;
				GCC_WARN_ABOUT_RETURN_TYPE = YES;
				GCC_WARN_UNUSED_VARIABLE = YES;
				SDKROOT = macosx10.6;
			};
			name = Release;
		};
		8E3141312C5AA76C000D1FD0 /* Debug */ = {
			isa = XCBuildConfiguration;
			buildSettings = {
				COPY_PHASE_STRIP = NO;
				DEBUGGING_SYMBOLS = YES;
				GCC_DYNAMIC_NO_PIC = NO;
				GCC_ENABLE_FIX_AND_CONTINUE = YES;
				GCC_GENERATE_DEBUGGING_SYMBOLS = YES;
				GCC_OPTIMIZATION_LEVEL = 0;
				OTHER_CFLAGS = "";
				OTHER_LDFLAGS = "";
				PRODUCT_NAME = ttsgo;
			};
			name = Debug;
		};
		8E3141322C5AA76C000D1FD0 /* Release */ = {
			isa = XCBuildConfiguration;
			buildSettings = {
				COPY_PHASE_STRIP = YES;
				DEBUG_INFORMATION_FORMAT = "dwarf-with-dsym";
				GCC_ENABLE_FIX_AND_CONTINUE = NO;
				OTHER_CFLAGS = "";
				OTHER_LDFLAGS = "";
				PRODUCT_NAME = ttsgo;
			};
			name = Release;
		};
/* End XCBuildConfiguration section */

/* Begin XCConfigurationList section */
		8E3141242C5AA76C000D1FD0 /* Build configuration list for PBXProject "ttsgo" */ = {
			isa = XCConfigurationList;
			buildConfigurations = (
				8E3141222C5AA76C000D1FD0 /* Debug */,
				8E3141232C5AA76C000D1FD0 /* Release */,
			);
			defaultConfigurationIsVisible = 0;
			defaultConfigurationName = Release;
		};
		8E3141302C5AA76C000D1FD0 /* Build configuration list for PBXLegacyTarget "ttsgo" */ = {
			isa = XCConfigurationList;
			buildConfigurations = (
				8E3141312C5AA76C000D1FD0 /* Debug */,
				8E3141322C5AA76C000D1FD0 /* Release */,
			);
			defaultConfigurationIsVisible = 0;
			defaultConfigurationName = Release;
		};
/* End XCConfigurationList section */
	};
	rootObject = 8E3141212C5AA76C000D1FD0 /* Project object */;
}
